
Microsoft Visual Studio Solution File, Format Version 12.00
# Visual Studio Version 17
VisualStudioVersion = 17.5.33627.172
MinimumVisualStudioVersion = 10.0.40219.1
Project("{FAE04EC0-301F-11D3-BF4B-00C04F79EFBC}") = "TypeConversions", "TypeConversions\TypeConversions.csproj", "{626D5844-EBA4-4718-BA69-689B66104A2F}"
EndProject
Global
	GlobalSection(SolutionConfigurationPlatforms) = preSolution
		Debug|Any CPU = Debug|Any CPU
		Release|Any CPU = Release|Any CPU
	EndGlobalSection
	GlobalSection(ProjectConfigurationPlatforms) = postSolution
		{626D5844-EBA4-4718-BA69-689B66104A2F}.Debug|Any CPU.ActiveCfg = Debug|Any CPU
		{626D5844-EBA4-4718-BA69-689B66104A2F}.Debug|Any CPU.Build.0 = Debug|Any CPU
		{626D5844-EBA4-4718-BA69-689B66104A2F}.Release|Any CPU.ActiveCfg = Release|Any CPU
		{626D5844-EBA4-4718-BA69-689B66104A2F}.Release|Any CPU.Build.0 = Release|Any CPU
	EndGlobalSection
	GlobalSection(SolutionProperties) = preSolution
		HideSolutionNode = FALSE
	EndGlobalSection
	GlobalSection(ExtensibilityGlobals) = postSolution
		SolutionGuid = {17037A7F-7306-4E6B-BA7E-9EDDD3781E6F}
	EndGlobalSection
EndGlobal
